[[package]]
name = "appnope"
version = "0.1.2"
description = "Disable App Nap on macOS >= 10.9"
category = "dev"
optional = false
python-versions = "*"

[[package]]
name = "backcall"
version = "0.2.0"
description = "Specifications for callback functions passed in to an API"
category = "dev"
optional = false
python-versions = "*"

[[package]]
name = "certifi"
version = "2020.12.5"
description = "Python package for providing Mozilla's CA Bundle."
category = "main"
optional = false
python-versions = "*"

[[package]]
name = "chardet"
version = "4.0.0"
description = "Universal encoding detector for Python 2 and 3"
category = "main"
optional = false
python-versions = ">=2.7, !=3.0.*, !=3.1.*, !=3.2.*, !=3.3.*, !=3.4.*"

[[package]]
name = "click"
version = "7.1.2"
description = "Composable command line interface toolkit"
category = "main"
optional = false
python-versions = ">=2.7, !=3.0.*, !=3.1.*, !=3.2.*, !=3.3.*, !=3.4.*"

[[package]]
name = "colorama"
version = "0.4.4"
description = "Cross-platform colored terminal text."
category = "dev"
optional = false
python-versions = ">=2.7, !=3.0.*, !=3.1.*, !=3.2.*, !=3.3.*, !=3.4.*"

[[package]]
name = "decorator"
version = "4.4.2"
description = "Decorators for Humans"
category = "dev"
optional = false
python-versions = ">=2.6, !=3.0.*, !=3.1.*"

[[package]]
name = "filelock"
version = "3.0.12"
description = "A platform independent file lock."
category = "main"
optional = false
python-versions = "*"

[[package]]
name = "h5py"
version = "2.10.0"
description = "Read and write HDF5 files from Python"
category = "main"
optional = false
python-versions = "*"

[package.dependencies]
numpy = ">=1.7"
six = "*"

[[package]]
name = "idna"
version = "2.10"
description = "Internationalized Domain Names in Applications (IDNA)"
category = "main"
optional = false
python-versions = ">=2.7, !=3.0.*, !=3.1.*, !=3.2.*, !=3.3.*"

[[package]]
name = "ipython"
version = "7.19.0"
description = "IPython: Productive Interactive Computing"
category = "dev"
optional = false
python-versions = ">=3.7"

[package.dependencies]
appnope = {version = "*", markers = "sys_platform == \"darwin\""}
backcall = "*"
colorama = {version = "*", markers = "sys_platform == \"win32\""}
decorator = "*"
jedi = ">=0.10"
pexpect = {version = ">4.3", markers = "sys_platform != \"win32\""}
pickleshare = "*"
prompt-toolkit = ">=2.0.0,<3.0.0 || >3.0.0,<3.0.1 || >3.0.1,<3.1.0"
pygments = "*"
traitlets = ">=4.2"

[package.extras]
all = ["Sphinx (>=1.3)", "ipykernel", "ipyparallel", "ipywidgets", "nbconvert", "nbformat", "nose (>=0.10.1)", "notebook", "numpy (>=1.14)", "pygments", "qtconsole", "requests", "testpath"]
doc = ["Sphinx (>=1.3)"]
kernel = ["ipykernel"]
nbconvert = ["nbconvert"]
nbformat = ["nbformat"]
notebook = ["notebook", "ipywidgets"]
parallel = ["ipyparallel"]
qtconsole = ["qtconsole"]
test = ["nose (>=0.10.1)", "requests", "testpath", "pygments", "nbformat", "ipykernel", "numpy (>=1.14)"]

[[package]]
name = "ipython-genutils"
version = "0.2.0"
description = "Vestigial utilities from IPython"
category = "dev"
optional = false
python-versions = "*"

[[package]]
name = "jedi"
version = "0.17.2"
description = "An autocompletion tool for Python that can be used for text editors."
category = "dev"
optional = false
python-versions = ">=2.7, !=3.0.*, !=3.1.*, !=3.2.*, !=3.3.*, !=3.4.*"

[package.dependencies]
parso = ">=0.7.0,<0.8.0"

[package.extras]
qa = ["flake8 (==3.7.9)"]
testing = ["Django (<3.1)", "colorama", "docopt", "pytest (>=3.9.0,<5.0.0)"]

[[package]]
name = "joblib"
version = "1.0.0"
description = "Lightweight pipelining with Python functions"
category = "main"
optional = false
python-versions = ">=3.6"

[[package]]
name = "numpy"
version = "1.19.4"
description = "NumPy is the fundamental package for array computing with Python."
category = "main"
optional = false
python-versions = ">=3.6"

[[package]]
name = "packaging"
version = "20.8"
description = "Core utilities for Python packages"
category = "main"
optional = false
python-versions = ">=2.7, !=3.0.*, !=3.1.*, !=3.2.*, !=3.3.*"

[package.dependencies]
pyparsing = ">=2.0.2"

[[package]]
name = "parso"
version = "0.7.1"
description = "A Python Parser"
category = "dev"
optional = false
python-versions = ">=2.7, !=3.0.*, !=3.1.*, !=3.2.*, !=3.3.*"

[package.extras]
testing = ["docopt", "pytest (>=3.0.7)"]

[[package]]
name = "pexpect"
version = "4.8.0"
description = "Pexpect allows easy control of interactive console applications."
category = "dev"
optional = false
python-versions = "*"

[package.dependencies]
ptyprocess = ">=0.5"

[[package]]
name = "pickleshare"
version = "0.7.5"
description = "Tiny 'shelve'-like database with concurrency support"
category = "dev"
optional = false
python-versions = "*"

[[package]]
name = "prompt-toolkit"
version = "3.0.8"
description = "Library for building powerful interactive command lines in Python"
category = "dev"
optional = false
python-versions = ">=3.6.1"

[package.dependencies]
wcwidth = "*"

[[package]]
name = "protobuf"
version = "3.14.0"
description = "Protocol Buffers"
category = "main"
optional = false
python-versions = "*"

[package.dependencies]
six = ">=1.9"

[[package]]
name = "ptyprocess"
version = "0.6.0"
description = "Run a subprocess in a pseudo terminal"
category = "dev"
optional = false
python-versions = "*"

[[package]]
name = "pudb"
version = "2019.2"
description = "A full-screen, console-based Python debugger"
category = "dev"
optional = false
python-versions = "*"

[package.dependencies]
pygments = ">=1.0"
urwid = ">=1.1.1"

[[package]]
name = "pygments"
version = "2.7.3"
description = "Pygments is a syntax highlighting package written in Python."
category = "dev"
optional = false
python-versions = ">=3.5"

[[package]]
name = "pyparsing"
version = "2.4.7"
description = "Python parsing module"
category = "main"
optional = false
python-versions = ">=2.6, !=3.0.*, !=3.1.*, !=3.2.*"

[[package]]
name = "regex"
version = "2020.11.13"
description = "Alternative regular expression module, to replace re."
category = "main"
optional = false
python-versions = "*"

[[package]]
name = "requests"
version = "2.25.1"
description = "Python HTTP for Humans."
category = "main"
optional = false
python-versions = ">=2.7, !=3.0.*, !=3.1.*, !=3.2.*, !=3.3.*, !=3.4.*"

[package.dependencies]
certifi = ">=2017.4.17"
chardet = ">=3.0.2,<5"
idna = ">=2.5,<3"
urllib3 = ">=1.21.1,<1.27"

[package.extras]
security = ["pyOpenSSL (>=0.14)", "cryptography (>=1.3.4)"]
socks = ["PySocks (>=1.5.6,!=1.5.7)", "win-inet-pton"]

[[package]]
name = "sacremoses"
version = "0.0.43"
description = "SacreMoses"
category = "main"
optional = false
python-versions = "*"

[package.dependencies]
click = "*"
joblib = "*"
regex = "*"
six = "*"
tqdm = "*"

[[package]]
name = "sentencepiece"
version = "0.1.94"
description = "SentencePiece python wrapper"
category = "main"
optional = false
python-versions = "*"

[[package]]
name = "six"
version = "1.15.0"
description = "Python 2 and 3 compatibility utilities"
category = "main"
optional = false
python-versions = ">=2.7, !=3.0.*, !=3.1.*, !=3.2.*"

[[package]]
name = "tabulate"
version = "0.8.7"
description = "Pretty-print tabular data"
category = "main"
optional = false
python-versions = "*"

[package.extras]
widechars = ["wcwidth"]

[[package]]
name = "tensorboardx"
version = "2.1"
description = "TensorBoardX lets you watch Tensors Flow without Tensorflow"
category = "main"
optional = false
python-versions = "*"

[package.dependencies]
numpy = "*"
protobuf = ">=3.8.0"
six = "*"

[[package]]
name = "tokenizers"
version = "0.9.4"
description = "Fast and Customizable Tokenizers"
category = "main"
optional = false
python-versions = "*"

[package.extras]
testing = ["pytest"]

[[package]]
name = "torch"
version = "1.7.1+cu101"
description = "Tensors and Dynamic neural networks in Python with strong GPU acceleration"
category = "main"
optional = false
python-versions = ">=3.6.2"

[package.dependencies]
numpy = "*"
typing-extensions = "*"

[package.source]
type = "url"
url = "https://download.pytorch.org/whl/cu101/torch-1.7.1%2Bcu101-cp38-cp38-linux_x86_64.whl"

[[package]]
name = "tqdm"
version = "4.54.1"
description = "Fast, Extensible Progress Meter"
category = "main"
optional = false
python-versions = "!=3.0.*,!=3.1.*,!=3.2.*,!=3.3.*,>=2.7"

[package.extras]
dev = ["py-make (>=0.1.0)", "twine", "argopt", "pydoc-markdown", "wheel"]

[[package]]
name = "traitlets"
version = "5.0.5"
description = "Traitlets Python configuration system"
category = "dev"
optional = false
python-versions = ">=3.7"

[package.dependencies]
ipython-genutils = "*"

[package.extras]
test = ["pytest"]

[[package]]
name = "transformers"
version = "4.1.1"
description = "State-of-the-art Natural Language Processing for TensorFlow 2.0 and PyTorch"
category = "main"
optional = false
python-versions = ">=3.6.0"

[package.dependencies]
filelock = "*"
numpy = "*"
packaging = "*"
regex = "!=2019.12.17"
requests = "*"
sacremoses = "*"
tokenizers = "0.9.4"
tqdm = ">=4.27"

[package.extras]
all = ["tensorflow (>=2.0)", "onnxconverter-common", "keras2onnx", "torch (>=1.0)", "jax (>=0.2.0)", "jaxlib (==0.1.55)", "flax (>=0.2.2)", "sentencepiece (==0.1.91)", "protobuf", "tokenizers (==0.9.4)"]
dev = ["tensorflow (>=2.0)", "onnxconverter-common", "keras2onnx", "torch (>=1.0)", "jax (>=0.2.0)", "jaxlib (==0.1.55)", "flax (>=0.2.2)", "sentencepiece (==0.1.91)", "protobuf", "tokenizers (==0.9.4)", "pytest", "pytest-xdist", "timeout-decorator", "parameterized", "psutil", "faiss-cpu", "datasets", "cookiecutter (==1.7.2)", "black (>=20.8b1)", "isort (>=5.5.4)", "flake8 (>=3.8.3)", "fugashi (>=1.0)", "ipadic (>=1.0.0,<2.0)", "unidic-lite (>=1.0.7)", "unidic (>=1.0.2)", "recommonmark", "sphinx (==3.2.1)", "sphinx-markdown-tables", "sphinx-rtd-theme (==0.4.3)", "sphinx-copybutton", "scikit-learn"]
docs = ["recommonmark", "sphinx (==3.2.1)", "sphinx-markdown-tables", "sphinx-rtd-theme (==0.4.3)", "sphinx-copybutton"]
flax = ["jax (>=0.2.0)", "jaxlib (==0.1.55)", "flax (>=0.2.2)"]
ja = ["fugashi (>=1.0)", "ipadic (>=1.0.0,<2.0)", "unidic-lite (>=1.0.7)", "unidic (>=1.0.2)"]
modelcreation = ["cookiecutter (==1.7.2)"]
onnxruntime = ["onnxruntime (>=1.4.0)", "onnxruntime-tools (>=1.4.2)"]
quality = ["black (>=20.8b1)", "isort (>=5.5.4)", "flake8 (>=3.8.3)"]
retrieval = ["faiss-cpu", "datasets"]
sentencepiece = ["sentencepiece (==0.1.91)", "protobuf"]
serving = ["pydantic", "uvicorn", "fastapi", "starlette"]
sklearn = ["scikit-learn"]
testing = ["pytest", "pytest-xdist", "timeout-decorator", "parameterized", "psutil", "faiss-cpu", "datasets", "cookiecutter (==1.7.2)"]
tf = ["tensorflow (>=2.0)", "onnxconverter-common", "keras2onnx"]
tf-cpu = ["tensorflow-cpu (>=2.0)", "onnxconverter-common", "keras2onnx"]
tokenizers = ["tokenizers (==0.9.4)"]
torch = ["torch (>=1.0)"]

[[package]]
name = "typing-extensions"
version = "3.7.4.3"
description = "Backported and Experimental Type Hints for Python 3.5+"
category = "main"
optional = false
python-versions = "*"

[[package]]
name = "urllib3"
version = "1.26.2"
description = "HTTP library with thread-safe connection pooling, file post, and more."
category = "main"
optional = false
python-versions = ">=2.7, !=3.0.*, !=3.1.*, !=3.2.*, !=3.3.*, !=3.4.*, <4"

[package.extras]
brotli = ["brotlipy (>=0.6.0)"]
secure = ["pyOpenSSL (>=0.14)", "cryptography (>=1.3.4)", "idna (>=2.0.0)", "certifi", "ipaddress"]
socks = ["PySocks (>=1.5.6,!=1.5.7,<2.0)"]

[[package]]
name = "urwid"
version = "2.1.2"
description = "A full-featured console (xterm et al.) user interface library"
category = "dev"
optional = false
python-versions = "*"

[[package]]
name = "wcwidth"
version = "0.2.5"
description = "Measures the displayed width of unicode strings in a terminal"
category = "dev"
optional = false
python-versions = "*"

[metadata]
lock-version = "1.1"
python-versions = "^3.8"
content-hash = "77c25d8945fd172070c63e0e6485a785eaffe871a2f0c785e15488bbde138386"

[metadata.files]
appnope = [
    {file = "appnope-0.1.2-py2.py3-none-any.whl", hash = "sha256:93aa393e9d6c54c5cd570ccadd8edad61ea0c4b9ea7a01409020c9aa019eb442"},
    {file = "appnope-0.1.2.tar.gz", hash = "sha256:dd83cd4b5b460958838f6eb3000c660b1f9caf2a5b1de4264e941512f603258a"},
]
backcall = [
    {file = "backcall-0.2.0-py2.py3-none-any.whl", hash = "sha256:fbbce6a29f263178a1f7915c1940bde0ec2b2a967566fe1c65c1dfb7422bd255"},
    {file = "backcall-0.2.0.tar.gz", hash = "sha256:5cbdbf27be5e7cfadb448baf0aa95508f91f2bbc6c6437cd9cd06e2a4c215e1e"},
]
certifi = [
    {file = "certifi-2020.12.5-py2.py3-none-any.whl", hash = "sha256:719a74fb9e33b9bd44cc7f3a8d94bc35e4049deebe19ba7d8e108280cfd59830"},
    {file = "certifi-2020.12.5.tar.gz", hash = "sha256:1a4995114262bffbc2413b159f2a1a480c969de6e6eb13ee966d470af86af59c"},
]
chardet = [
    {file = "chardet-4.0.0-py2.py3-none-any.whl", hash = "sha256:f864054d66fd9118f2e67044ac8981a54775ec5b67aed0441892edb553d21da5"},
    {file = "chardet-4.0.0.tar.gz", hash = "sha256:0d6f53a15db4120f2b08c94f11e7d93d2c911ee118b6b30a04ec3ee8310179fa"},
]
click = [
    {file = "click-7.1.2-py2.py3-none-any.whl", hash = "sha256:dacca89f4bfadd5de3d7489b7c8a566eee0d3676333fbb50030263894c38c0dc"},
    {file = "click-7.1.2.tar.gz", hash = "sha256:d2b5255c7c6349bc1bd1e59e08cd12acbbd63ce649f2588755783aa94dfb6b1a"},
]
colorama = [
    {file = "colorama-0.4.4-py2.py3-none-any.whl", hash = "sha256:9f47eda37229f68eee03b24b9748937c7dc3868f906e8ba69fbcbdd3bc5dc3e2"},
    {file = "colorama-0.4.4.tar.gz", hash = "sha256:5941b2b48a20143d2267e95b1c2a7603ce057ee39fd88e7329b0c292aa16869b"},
]
decorator = [
    {file = "decorator-4.4.2-py2.py3-none-any.whl", hash = "sha256:41fa54c2a0cc4ba648be4fd43cff00aedf5b9465c9bf18d64325bc225f08f760"},
    {file = "decorator-4.4.2.tar.gz", hash = "sha256:e3a62f0520172440ca0dcc823749319382e377f37f140a0b99ef45fecb84bfe7"},
]
filelock = [
    {file = "filelock-3.0.12-py3-none-any.whl", hash = "sha256:929b7d63ec5b7d6b71b0fa5ac14e030b3f70b75747cef1b10da9b879fef15836"},
    {file = "filelock-3.0.12.tar.gz", hash = "sha256:18d82244ee114f543149c66a6e0c14e9c4f8a1044b5cdaadd0f82159d6a6ff59"},
]
h5py = [
    {file = "h5py-2.10.0-cp27-cp27m-macosx_10_6_intel.whl", hash = "sha256:ecf4d0b56ee394a0984de15bceeb97cbe1fe485f1ac205121293fc44dcf3f31f"},
    {file = "h5py-2.10.0-cp27-cp27m-manylinux1_i686.whl", hash = "sha256:86868dc07b9cc8cb7627372a2e6636cdc7a53b7e2854ad020c9e9d8a4d3fd0f5"},
    {file = "h5py-2.10.0-cp27-cp27m-manylinux1_x86_64.whl", hash = "sha256:aac4b57097ac29089f179bbc2a6e14102dd210618e94d77ee4831c65f82f17c0"},
    {file = "h5py-2.10.0-cp27-cp27m-win32.whl", hash = "sha256:7be5754a159236e95bd196419485343e2b5875e806fe68919e087b6351f40a70"},
    {file = "h5py-2.10.0-cp27-cp27m-win_amd64.whl", hash = "sha256:13c87efa24768a5e24e360a40e0bc4c49bcb7ce1bb13a3a7f9902cec302ccd36"},
    {file = "h5py-2.10.0-cp27-cp27mu-manylinux1_i686.whl", hash = "sha256:79b23f47c6524d61f899254f5cd5e486e19868f1823298bc0c29d345c2447172"},
    {file = "h5py-2.10.0-cp27-cp27mu-manylinux1_x86_64.whl", hash = "sha256:cbf28ae4b5af0f05aa6e7551cee304f1d317dbed1eb7ac1d827cee2f1ef97a99"},
    {file = "h5py-2.10.0-cp34-cp34m-manylinux1_i686.whl", hash = "sha256:c0d4b04bbf96c47b6d360cd06939e72def512b20a18a8547fa4af810258355d5"},
    {file = "h5py-2.10.0-cp34-cp34m-manylinux1_x86_64.whl", hash = "sha256:549ad124df27c056b2e255ea1c44d30fb7a17d17676d03096ad5cd85edb32dc1"},
    {file = "h5py-2.10.0-cp35-cp35m-macosx_10_6_intel.whl", hash = "sha256:a5f82cd4938ff8761d9760af3274acf55afc3c91c649c50ab18fcff5510a14a5"},
    {file = "h5py-2.10.0-cp35-cp35m-manylinux1_i686.whl", hash = "sha256:3dad1730b6470fad853ef56d755d06bb916ee68a3d8272b3bab0c1ddf83bb99e"},
    {file = "h5py-2.10.0-cp35-cp35m-manylinux1_x86_64.whl", hash = "sha256:063947eaed5f271679ed4ffa36bb96f57bc14f44dd4336a827d9a02702e6ce6b"},
    {file = "h5py-2.10.0-cp35-cp35m-win32.whl", hash = "sha256:c54a2c0dd4957776ace7f95879d81582298c5daf89e77fb8bee7378f132951de"},
    {file = "h5py-2.10.0-cp35-cp35m-win_amd64.whl", hash = "sha256:6998be619c695910cb0effe5eb15d3a511d3d1a5d217d4bd0bebad1151ec2262"},
    {file = "h5py-2.10.0-cp36-cp36m-macosx_10_6_intel.whl", hash = "sha256:ff7d241f866b718e4584fa95f520cb19405220c501bd3a53ee11871ba5166ea2"},
    {file = "h5py-2.10.0-cp36-cp36m-manylinux1_i686.whl", hash = "sha256:54817b696e87eb9e403e42643305f142cd8b940fe9b3b490bbf98c3b8a894cf4"},
    {file = "h5py-2.10.0-cp36-cp36m-manylinux1_x86_64.whl", hash = "sha256:d3c59549f90a891691991c17f8e58c8544060fdf3ccdea267100fa5f561ff62f"},
    {file = "h5py-2.10.0-cp36-cp36m-win32.whl", hash = "sha256:d7ae7a0576b06cb8e8a1c265a8bc4b73d05fdee6429bffc9a26a6eb531e79d72"},
    {file = "h5py-2.10.0-cp36-cp36m-win_amd64.whl", hash = "sha256:bffbc48331b4a801d2f4b7dac8a72609f0b10e6e516e5c480a3e3241e091c878"},
    {file = "h5py-2.10.0-cp37-cp37m-macosx_10_6_intel.whl", hash = "sha256:51ae56894c6c93159086ffa2c94b5b3388c0400548ab26555c143e7cfa05b8e5"},
    {file = "h5py-2.10.0-cp37-cp37m-manylinux1_i686.whl", hash = "sha256:16ead3c57141101e3296ebeed79c9c143c32bdd0e82a61a2fc67e8e6d493e9d1"},
    {file = "h5py-2.10.0-cp37-cp37m-manylinux1_x86_64.whl", hash = "sha256:f0e25bb91e7a02efccb50aba6591d3fe2c725479e34769802fcdd4076abfa917"},
    {file = "h5py-2.10.0-cp37-cp37m-win32.whl", hash = "sha256:f23951a53d18398ef1344c186fb04b26163ca6ce449ebd23404b153fd111ded9"},
    {file = "h5py-2.10.0-cp37-cp37m-win_amd64.whl", hash = "sha256:8bb1d2de101f39743f91512a9750fb6c351c032e5cd3204b4487383e34da7f75"},
    {file = "h5py-2.10.0-cp38-cp38-macosx_10_9_x86_64.whl", hash = "sha256:64f74da4a1dd0d2042e7d04cf8294e04ddad686f8eba9bb79e517ae582f6668d"},
    {file = "h5py-2.10.0-cp38-cp38-manylinux1_x86_64.whl", hash = "sha256:d35f7a3a6cefec82bfdad2785e78359a0e6a5fbb3f605dd5623ce88082ccd681"},
    {file = "h5py-2.10.0-cp38-cp38-win32.whl", hash = "sha256:6ef7ab1089e3ef53ca099038f3c0a94d03e3560e6aff0e9d6c64c55fb13fc681"},
    {file = "h5py-2.10.0-cp38-cp38-win_amd64.whl", hash = "sha256:769e141512b54dee14ec76ed354fcacfc7d97fea5a7646b709f7400cf1838630"},
    {file = "h5py-2.10.0.tar.gz", hash = "sha256:84412798925dc870ffd7107f045d7659e60f5d46d1c70c700375248bf6bf512d"},
]
idna = [
    {file = "idna-2.10-py2.py3-none-any.whl", hash = "sha256:b97d804b1e9b523befed77c48dacec60e6dcb0b5391d57af6a65a312a90648c0"},
    {file = "idna-2.10.tar.gz", hash = "sha256:b307872f855b18632ce0c21c5e45be78c0ea7ae4c15c828c20788b26921eb3f6"},
]
ipython = [
    {file = "ipython-7.19.0-py3-none-any.whl", hash = "sha256:c987e8178ced651532b3b1ff9965925bfd445c279239697052561a9ab806d28f"},
    {file = "ipython-7.19.0.tar.gz", hash = "sha256:cbb2ef3d5961d44e6a963b9817d4ea4e1fa2eb589c371a470fed14d8d40cbd6a"},
]
ipython-genutils = [
    {file = "ipython_genutils-0.2.0-py2.py3-none-any.whl", hash = "sha256:72dd37233799e619666c9f639a9da83c34013a73e8bbc79a7a6348d93c61fab8"},
    {file = "ipython_genutils-0.2.0.tar.gz", hash = "sha256:eb2e116e75ecef9d4d228fdc66af54269afa26ab4463042e33785b887c628ba8"},
]
jedi = [
    {file = "jedi-0.17.2-py2.py3-none-any.whl", hash = "sha256:98cc583fa0f2f8304968199b01b6b4b94f469a1f4a74c1560506ca2a211378b5"},
    {file = "jedi-0.17.2.tar.gz", hash = "sha256:86ed7d9b750603e4ba582ea8edc678657fb4007894a12bcf6f4bb97892f31d20"},
]
joblib = [
    {file = "joblib-1.0.0-py3-none-any.whl", hash = "sha256:75ead23f13484a2a414874779d69ade40d4fa1abe62b222a23cd50d4bc822f6f"},
    {file = "joblib-1.0.0.tar.gz", hash = "sha256:7ad866067ac1fdec27d51c8678ea760601b70e32ff1881d4dc8e1171f2b64b24"},
]
numpy = [
    {file = "numpy-1.19.4-cp36-cp36m-macosx_10_9_x86_64.whl", hash = "sha256:e9b30d4bd69498fc0c3fe9db5f62fffbb06b8eb9321f92cc970f2969be5e3949"},
    {file = "numpy-1.19.4-cp36-cp36m-manylinux1_i686.whl", hash = "sha256:fedbd128668ead37f33917820b704784aff695e0019309ad446a6d0b065b57e4"},
    {file = "numpy-1.19.4-cp36-cp36m-manylinux1_x86_64.whl", hash = "sha256:8ece138c3a16db8c1ad38f52eb32be6086cc72f403150a79336eb2045723a1ad"},
    {file = "numpy-1.19.4-cp36-cp36m-manylinux2010_i686.whl", hash = "sha256:64324f64f90a9e4ef732be0928be853eee378fd6a01be21a0a8469c4f2682c83"},
    {file = "numpy-1.19.4-cp36-cp36m-manylinux2010_x86_64.whl", hash = "sha256:ad6f2ff5b1989a4899bf89800a671d71b1612e5ff40866d1f4d8bcf48d4e5764"},
    {file = "numpy-1.19.4-cp36-cp36m-manylinux2014_aarch64.whl", hash = "sha256:d6c7bb82883680e168b55b49c70af29b84b84abb161cbac2800e8fcb6f2109b6"},
    {file = "numpy-1.19.4-cp36-cp36m-win32.whl", hash = "sha256:13d166f77d6dc02c0a73c1101dd87fdf01339febec1030bd810dcd53fff3b0f1"},
    {file = "numpy-1.19.4-cp36-cp36m-win_amd64.whl", hash = "sha256:448ebb1b3bf64c0267d6b09a7cba26b5ae61b6d2dbabff7c91b660c7eccf2bdb"},
    {file = "numpy-1.19.4-cp37-cp37m-macosx_10_9_x86_64.whl", hash = "sha256:27d3f3b9e3406579a8af3a9f262f5339005dd25e0ecf3cf1559ff8a49ed5cbf2"},
    {file = "numpy-1.19.4-cp37-cp37m-manylinux1_i686.whl", hash = "sha256:16c1b388cc31a9baa06d91a19366fb99ddbe1c7b205293ed072211ee5bac1ed2"},
    {file = "numpy-1.19.4-cp37-cp37m-manylinux1_x86_64.whl", hash = "sha256:e5b6ed0f0b42317050c88022349d994fe72bfe35f5908617512cd8c8ef9da2a9"},
    {file = "numpy-1.19.4-cp37-cp37m-manylinux2010_i686.whl", hash = "sha256:18bed2bcb39e3f758296584337966e68d2d5ba6aab7e038688ad53c8f889f757"},
    {file = "numpy-1.19.4-cp37-cp37m-manylinux2010_x86_64.whl", hash = "sha256:fe45becb4c2f72a0907c1d0246ea6449fe7a9e2293bb0e11c4e9a32bb0930a15"},
    {file = "numpy-1.19.4-cp37-cp37m-manylinux2014_aarch64.whl", hash = "sha256:6d7593a705d662be5bfe24111af14763016765f43cb6923ed86223f965f52387"},
    {file = "numpy-1.19.4-cp37-cp37m-win32.whl", hash = "sha256:6ae6c680f3ebf1cf7ad1d7748868b39d9f900836df774c453c11c5440bc15b36"},
    {file = "numpy-1.19.4-cp37-cp37m-win_amd64.whl", hash = "sha256:9eeb7d1d04b117ac0d38719915ae169aa6b61fca227b0b7d198d43728f0c879c"},
    {file = "numpy-1.19.4-cp38-cp38-macosx_10_9_x86_64.whl", hash = "sha256:cb1017eec5257e9ac6209ac172058c430e834d5d2bc21961dceeb79d111e5909"},
    {file = "numpy-1.19.4-cp38-cp38-manylinux1_i686.whl", hash = "sha256:edb01671b3caae1ca00881686003d16c2209e07b7ef8b7639f1867852b948f7c"},
    {file = "numpy-1.19.4-cp38-cp38-manylinux1_x86_64.whl", hash = "sha256:f29454410db6ef8126c83bd3c968d143304633d45dc57b51252afbd79d700893"},
    {file = "numpy-1.19.4-cp38-cp38-manylinux2010_i686.whl", hash = "sha256:ec149b90019852266fec2341ce1db513b843e496d5a8e8cdb5ced1923a92faab"},
    {file = "numpy-1.19.4-cp38-cp38-manylinux2010_x86_64.whl", hash = "sha256:1aeef46a13e51931c0b1cf8ae1168b4a55ecd282e6688fdb0a948cc5a1d5afb9"},
    {file = "numpy-1.19.4-cp38-cp38-manylinux2014_aarch64.whl", hash = "sha256:08308c38e44cc926bdfce99498b21eec1f848d24c302519e64203a8da99a97db"},
    {file = "numpy-1.19.4-cp38-cp38-win32.whl", hash = "sha256:5734bdc0342aba9dfc6f04920988140fb41234db42381cf7ccba64169f9fe7ac"},
    {file = "numpy-1.19.4-cp38-cp38-win_amd64.whl", hash = "sha256:09c12096d843b90eafd01ea1b3307e78ddd47a55855ad402b157b6c4862197ce"},
    {file = "numpy-1.19.4-cp39-cp39-macosx_10_9_x86_64.whl", hash = "sha256:e452dc66e08a4ce642a961f134814258a082832c78c90351b75c41ad16f79f63"},
    {file = "numpy-1.19.4-cp39-cp39-manylinux1_i686.whl", hash = "sha256:a5d897c14513590a85774180be713f692df6fa8ecf6483e561a6d47309566f37"},
    {file = "numpy-1.19.4-cp39-cp39-manylinux1_x86_64.whl", hash = "sha256:a09f98011236a419ee3f49cedc9ef27d7a1651df07810ae430a6b06576e0b414"},
    {file = "numpy-1.19.4-cp39-cp39-manylinux2010_i686.whl", hash = "sha256:50e86c076611212ca62e5a59f518edafe0c0730f7d9195fec718da1a5c2bb1fc"},
    {file = "numpy-1.19.4-cp39-cp39-manylinux2010_x86_64.whl", hash = "sha256:f0d3929fe88ee1c155129ecd82f981b8856c5d97bcb0d5f23e9b4242e79d1de3"},
    {file = "numpy-1.19.4-cp39-cp39-manylinux2014_aarch64.whl", hash = "sha256:c42c4b73121caf0ed6cd795512c9c09c52a7287b04d105d112068c1736d7c753"},
    {file = "numpy-1.19.4-cp39-cp39-win32.whl", hash = "sha256:8cac8790a6b1ddf88640a9267ee67b1aee7a57dfa2d2dd33999d080bc8ee3a0f"},
    {file = "numpy-1.19.4-cp39-cp39-win_amd64.whl", hash = "sha256:4377e10b874e653fe96985c05feed2225c912e328c8a26541f7fc600fb9c637b"},
    {file = "numpy-1.19.4-pp36-pypy36_pp73-manylinux2010_x86_64.whl", hash = "sha256:2a2740aa9733d2e5b2dfb33639d98a64c3b0f24765fed86b0fd2aec07f6a0a08"},
    {file = "numpy-1.19.4.zip", hash = "sha256:141ec3a3300ab89c7f2b0775289954d193cc8edb621ea05f99db9cb181530512"},
]
packaging = [
    {file = "packaging-20.8-py2.py3-none-any.whl", hash = "sha256:24e0da08660a87484d1602c30bb4902d74816b6985b93de36926f5bc95741858"},
    {file = "packaging-20.8.tar.gz", hash = "sha256:78598185a7008a470d64526a8059de9aaa449238f280fc9eb6b13ba6c4109093"},
]
parso = [
    {file = "parso-0.7.1-py2.py3-none-any.whl", hash = "sha256:97218d9159b2520ff45eb78028ba8b50d2bc61dcc062a9682666f2dc4bd331ea"},
    {file = "parso-0.7.1.tar.gz", hash = "sha256:caba44724b994a8a5e086460bb212abc5a8bc46951bf4a9a1210745953622eb9"},
]
pexpect = [
    {file = "pexpect-4.8.0-py2.py3-none-any.whl", hash = "sha256:0b48a55dcb3c05f3329815901ea4fc1537514d6ba867a152b581d69ae3710937"},
    {file = "pexpect-4.8.0.tar.gz", hash = "sha256:fc65a43959d153d0114afe13997d439c22823a27cefceb5ff35c2178c6784c0c"},
]
pickleshare = [
    {file = "pickleshare-0.7.5-py2.py3-none-any.whl", hash = "sha256:9649af414d74d4df115d5d718f82acb59c9d418196b7b4290ed47a12ce62df56"},
    {file = "pickleshare-0.7.5.tar.gz", hash = "sha256:87683d47965c1da65cdacaf31c8441d12b8044cdec9aca500cd78fc2c683afca"},
]
prompt-toolkit = [
    {file = "prompt_toolkit-3.0.8-py3-none-any.whl", hash = "sha256:7debb9a521e0b1ee7d2fe96ee4bd60ef03c6492784de0547337ca4433e46aa63"},
    {file = "prompt_toolkit-3.0.8.tar.gz", hash = "sha256:25c95d2ac813909f813c93fde734b6e44406d1477a9faef7c915ff37d39c0a8c"},
]
protobuf = [
    {file = "protobuf-3.14.0-cp27-cp27m-macosx_10_9_x86_64.whl", hash = "sha256:629b03fd3caae7f815b0c66b41273f6b1900a579e2ccb41ef4493a4f5fb84f3a"},
    {file = "protobuf-3.14.0-cp27-cp27mu-manylinux1_x86_64.whl", hash = "sha256:5b7a637212cc9b2bcf85dd828b1178d19efdf74dbfe1ddf8cd1b8e01fdaaa7f5"},
    {file = "protobuf-3.14.0-cp35-cp35m-macosx_10_9_intel.whl", hash = "sha256:43b554b9e73a07ba84ed6cf25db0ff88b1e06be610b37656e292e3cbb5437472"},
    {file = "protobuf-3.14.0-cp35-cp35m-manylinux1_x86_64.whl", hash = "sha256:5e9806a43232a1fa0c9cf5da8dc06f6910d53e4390be1fa06f06454d888a9142"},
    {file = "protobuf-3.14.0-cp35-cp35m-win32.whl", hash = "sha256:1c51fda1bbc9634246e7be6016d860be01747354ed7015ebe38acf4452f470d2"},
    {file = "protobuf-3.14.0-cp35-cp35m-win_amd64.whl", hash = "sha256:4b74301b30513b1a7494d3055d95c714b560fbb630d8fb9956b6f27992c9f980"},
    {file = "protobuf-3.14.0-cp36-cp36m-macosx_10_9_x86_64.whl", hash = "sha256:86a75477addde4918e9a1904e5c6af8d7b691f2a3f65587d73b16100fbe4c3b2"},
    {file = "protobuf-3.14.0-cp36-cp36m-manylinux1_x86_64.whl", hash = "sha256:ecc33531a213eee22ad60e0e2aaea6c8ba0021f0cce35dbf0ab03dee6e2a23a1"},
    {file = "protobuf-3.14.0-cp36-cp36m-win32.whl", hash = "sha256:72230ed56f026dd664c21d73c5db73ebba50d924d7ba6b7c0d81a121e390406e"},
    {file = "protobuf-3.14.0-cp36-cp36m-win_amd64.whl", hash = "sha256:0fc96785262042e4863b3f3b5c429d4636f10d90061e1840fce1baaf59b1a836"},
    {file = "protobuf-3.14.0-cp37-cp37m-macosx_10_9_x86_64.whl", hash = "sha256:4e75105c9dfe13719b7293f75bd53033108f4ba03d44e71db0ec2a0e8401eafd"},
    {file = "protobuf-3.14.0-cp37-cp37m-manylinux1_x86_64.whl", hash = "sha256:2a7e2fe101a7ace75e9327b9c946d247749e564a267b0515cf41dfe450b69bac"},
    {file = "protobuf-3.14.0-cp37-cp37m-win32.whl", hash = "sha256:b0d5d35faeb07e22a1ddf8dce620860c8fe145426c02d1a0ae2688c6e8ede36d"},
    {file = "protobuf-3.14.0-cp37-cp37m-win_amd64.whl", hash = "sha256:8971c421dbd7aad930c9bd2694122f332350b6ccb5202a8b7b06f3f1a5c41ed5"},
    {file = "protobuf-3.14.0-cp38-cp38-macosx_10_9_x86_64.whl", hash = "sha256:9616f0b65a30851e62f1713336c931fcd32c057202b7ff2cfbfca0fc7d5e3043"},
    {file = "protobuf-3.14.0-cp38-cp38-manylinux1_x86_64.whl", hash = "sha256:22bcd2e284b3b1d969c12e84dc9b9a71701ec82d8ce975fdda19712e1cfd4e00"},
    {file = "protobuf-3.14.0-py2.py3-none-any.whl", hash = "sha256:0e247612fadda953047f53301a7b0407cb0c3cb4ae25a6fde661597a04039b3c"},
    {file = "protobuf-3.14.0.tar.gz", hash = "sha256:1d63eb389347293d8915fb47bee0951c7b5dab522a4a60118b9a18f33e21f8ce"},
]
ptyprocess = [
    {file = "ptyprocess-0.6.0-py2.py3-none-any.whl", hash = "sha256:d7cc528d76e76342423ca640335bd3633420dc1366f258cb31d05e865ef5ca1f"},
    {file = "ptyprocess-0.6.0.tar.gz", hash = "sha256:923f299cc5ad920c68f2bc0bc98b75b9f838b93b599941a6b63ddbc2476394c0"},
]
pudb = [
    {file = "pudb-2019.2.tar.gz", hash = "sha256:e8f0ea01b134d802872184b05bffc82af29a1eb2f9374a277434b932d68f58dc"},
]
pygments = [
    {file = "Pygments-2.7.3-py3-none-any.whl", hash = "sha256:f275b6c0909e5dafd2d6269a656aa90fa58ebf4a74f8fcf9053195d226b24a08"},
    {file = "Pygments-2.7.3.tar.gz", hash = "sha256:ccf3acacf3782cbed4a989426012f1c535c9a90d3a7fc3f16d231b9372d2b716"},
]
pyparsing = [
    {file = "pyparsing-2.4.7-py2.py3-none-any.whl", hash = "sha256:ef9d7589ef3c200abe66653d3f1ab1033c3c419ae9b9bdb1240a85b024efc88b"},
    {file = "pyparsing-2.4.7.tar.gz", hash = "sha256:c203ec8783bf771a155b207279b9bccb8dea02d8f0c9e5f8ead507bc3246ecc1"},
]
regex = [
    {file = "regex-2020.11.13-cp36-cp36m-macosx_10_9_x86_64.whl", hash = "sha256:8b882a78c320478b12ff024e81dc7d43c1462aa4a3341c754ee65d857a521f85"},
    {file = "regex-2020.11.13-cp36-cp36m-manylinux1_i686.whl", hash = "sha256:a63f1a07932c9686d2d416fb295ec2c01ab246e89b4d58e5fa468089cab44b70"},
    {file = "regex-2020.11.13-cp36-cp36m-manylinux1_x86_64.whl", hash = "sha256:6e4b08c6f8daca7d8f07c8d24e4331ae7953333dbd09c648ed6ebd24db5a10ee"},
    {file = "regex-2020.11.13-cp36-cp36m-manylinux2010_i686.whl", hash = "sha256:bba349276b126947b014e50ab3316c027cac1495992f10e5682dc677b3dfa0c5"},
    {file = "regex-2020.11.13-cp36-cp36m-manylinux2010_x86_64.whl", hash = "sha256:56e01daca75eae420bce184edd8bb341c8eebb19dd3bce7266332258f9fb9dd7"},
    {file = "regex-2020.11.13-cp36-cp36m-manylinux2014_aarch64.whl", hash = "sha256:6a8ce43923c518c24a2579fda49f093f1397dad5d18346211e46f134fc624e31"},
    {file = "regex-2020.11.13-cp36-cp36m-manylinux2014_i686.whl", hash = "sha256:1ab79fcb02b930de09c76d024d279686ec5d532eb814fd0ed1e0051eb8bd2daa"},
    {file = "regex-2020.11.13-cp36-cp36m-manylinux2014_x86_64.whl", hash = "sha256:9801c4c1d9ae6a70aeb2128e5b4b68c45d4f0af0d1535500884d644fa9b768c6"},
    {file = "regex-2020.11.13-cp36-cp36m-win32.whl", hash = "sha256:49cae022fa13f09be91b2c880e58e14b6da5d10639ed45ca69b85faf039f7a4e"},
    {file = "regex-2020.11.13-cp36-cp36m-win_amd64.whl", hash = "sha256:749078d1eb89484db5f34b4012092ad14b327944ee7f1c4f74d6279a6e4d1884"},
    {file = "regex-2020.11.13-cp37-cp37m-macosx_10_9_x86_64.whl", hash = "sha256:b2f4007bff007c96a173e24dcda236e5e83bde4358a557f9ccf5e014439eae4b"},
    {file = "regex-2020.11.13-cp37-cp37m-manylinux1_i686.whl", hash = "sha256:38c8fd190db64f513fe4e1baa59fed086ae71fa45083b6936b52d34df8f86a88"},
    {file = "regex-2020.11.13-cp37-cp37m-manylinux1_x86_64.whl", hash = "sha256:5862975b45d451b6db51c2e654990c1820523a5b07100fc6903e9c86575202a0"},
    {file = "regex-2020.11.13-cp37-cp37m-manylinux2010_i686.whl", hash = "sha256:262c6825b309e6485ec2493ffc7e62a13cf13fb2a8b6d212f72bd53ad34118f1"},
    {file = "regex-2020.11.13-cp37-cp37m-manylinux2010_x86_64.whl", hash = "sha256:bafb01b4688833e099d79e7efd23f99172f501a15c44f21ea2118681473fdba0"},
    {file = "regex-2020.11.13-cp37-cp37m-manylinux2014_aarch64.whl", hash = "sha256:e32f5f3d1b1c663af7f9c4c1e72e6ffe9a78c03a31e149259f531e0fed826512"},
    {file = "regex-2020.11.13-cp37-cp37m-manylinux2014_i686.whl", hash = "sha256:3bddc701bdd1efa0d5264d2649588cbfda549b2899dc8d50417e47a82e1387ba"},
    {file = "regex-2020.11.13-cp37-cp37m-manylinux2014_x86_64.whl", hash = "sha256:02951b7dacb123d8ea6da44fe45ddd084aa6777d4b2454fa0da61d569c6fa538"},
    {file = "regex-2020.11.13-cp37-cp37m-win32.whl", hash = "sha256:0d08e71e70c0237883d0bef12cad5145b84c3705e9c6a588b2a9c7080e5af2a4"},
    {file = "regex-2020.11.13-cp37-cp37m-win_amd64.whl", hash = "sha256:1fa7ee9c2a0e30405e21031d07d7ba8617bc590d391adfc2b7f1e8b99f46f444"},
    {file = "regex-2020.11.13-cp38-cp38-macosx_10_9_x86_64.whl", hash = "sha256:baf378ba6151f6e272824b86a774326f692bc2ef4cc5ce8d5bc76e38c813a55f"},
    {file = "regex-2020.11.13-cp38-cp38-manylinux1_i686.whl", hash = "sha256:e3faaf10a0d1e8e23a9b51d1900b72e1635c2d5b0e1bea1c18022486a8e2e52d"},
    {file = "regex-2020.11.13-cp38-cp38-manylinux1_x86_64.whl", hash = "sha256:2a11a3e90bd9901d70a5b31d7dd85114755a581a5da3fc996abfefa48aee78af"},
    {file = "regex-2020.11.13-cp38-cp38-manylinux2010_i686.whl", hash = "sha256:d1ebb090a426db66dd80df8ca85adc4abfcbad8a7c2e9a5ec7513ede522e0a8f"},
    {file = "regex-2020.11.13-cp38-cp38-manylinux2010_x86_64.whl", hash = "sha256:b2b1a5ddae3677d89b686e5c625fc5547c6e492bd755b520de5332773a8af06b"},
    {file = "regex-2020.11.13-cp38-cp38-manylinux2014_aarch64.whl", hash = "sha256:2c99e97d388cd0a8d30f7c514d67887d8021541b875baf09791a3baad48bb4f8"},
    {file = "regex-2020.11.13-cp38-cp38-manylinux2014_i686.whl", hash = "sha256:c084582d4215593f2f1d28b65d2a2f3aceff8342aa85afd7be23a9cad74a0de5"},
    {file = "regex-2020.11.13-cp38-cp38-manylinux2014_x86_64.whl", hash = "sha256:a3d748383762e56337c39ab35c6ed4deb88df5326f97a38946ddd19028ecce6b"},
    {file = "regex-2020.11.13-cp38-cp38-win32.whl", hash = "sha256:7913bd25f4ab274ba37bc97ad0e21c31004224ccb02765ad984eef43e04acc6c"},
    {file = "regex-2020.11.13-cp38-cp38-win_amd64.whl", hash = "sha256:6c54ce4b5d61a7129bad5c5dc279e222afd00e721bf92f9ef09e4fae28755683"},
    {file = "regex-2020.11.13-cp39-cp39-macosx_10_9_x86_64.whl", hash = "sha256:1862a9d9194fae76a7aaf0150d5f2a8ec1da89e8b55890b1786b8f88a0f619dc"},
    {file = "regex-2020.11.13-cp39-cp39-manylinux1_i686.whl", hash = "sha256:4902e6aa086cbb224241adbc2f06235927d5cdacffb2425c73e6570e8d862364"},
    {file = "regex-2020.11.13-cp39-cp39-manylinux1_x86_64.whl", hash = "sha256:7a25fcbeae08f96a754b45bdc050e1fb94b95cab046bf56b016c25e9ab127b3e"},
    {file = "regex-2020.11.13-cp39-cp39-manylinux2010_i686.whl", hash = "sha256:d2d8ce12b7c12c87e41123997ebaf1a5767a5be3ec545f64675388970f415e2e"},
    {file = "regex-2020.11.13-cp39-cp39-manylinux2010_x86_64.whl", hash = "sha256:f7d29a6fc4760300f86ae329e3b6ca28ea9c20823df123a2ea8693e967b29917"},
    {file = "regex-2020.11.13-cp39-cp39-manylinux2014_aarch64.whl", hash = "sha256:717881211f46de3ab130b58ec0908267961fadc06e44f974466d1887f865bd5b"},
    {file = "regex-2020.11.13-cp39-cp39-manylinux2014_i686.whl", hash = "sha256:3128e30d83f2e70b0bed9b2a34e92707d0877e460b402faca908c6667092ada9"},
    {file = "regex-2020.11.13-cp39-cp39-manylinux2014_x86_64.whl", hash = "sha256:8f6a2229e8ad946e36815f2a03386bb8353d4bde368fdf8ca5f0cb97264d3b5c"},
    {file = "regex-2020.11.13-cp39-cp39-win32.whl", hash = "sha256:f8f295db00ef5f8bae530fc39af0b40486ca6068733fb860b42115052206466f"},
    {file = "regex-2020.11.13-cp39-cp39-win_amd64.whl", hash = "sha256:a15f64ae3a027b64496a71ab1f722355e570c3fac5ba2801cafce846bf5af01d"},
    {file = "regex-2020.11.13.tar.gz", hash = "sha256:83d6b356e116ca119db8e7c6fc2983289d87b27b3fac238cfe5dca529d884562"},
]
requests = [
    {file = "requests-2.25.1-py2.py3-none-any.whl", hash = "sha256:c210084e36a42ae6b9219e00e48287def368a26d03a048ddad7bfee44f75871e"},
    {file = "requests-2.25.1.tar.gz", hash = "sha256:27973dd4a904a4f13b263a19c866c13b92a39ed1c964655f025f3f8d3d75b804"},
]
sacremoses = [
    {file = "sacremoses-0.0.43.tar.gz", hash = "sha256:123c1bf2664351fb05e16f87d3786dbe44a050cfd7b85161c09ad9a63a8e2948"},
]
sentencepiece = [
    {file = "sentencepiece-0.1.94-cp35-cp35m-macosx_10_6_x86_64.whl", hash = "sha256:7b6c794d30272a5e635e958fdb4976dd991bf35eed90441104a042b2e51723c7"},
    {file = "sentencepiece-0.1.94-cp35-cp35m-manylinux2014_aarch64.whl", hash = "sha256:b5e3eedad0ef5b3a4ae1d201fc0edc7f4b4d567c016913d4b996ebf0ab66748b"},
    {file = "sentencepiece-0.1.94-cp35-cp35m-manylinux2014_i686.whl", hash = "sha256:58db565195ee31efbaca9d00937f9f73aa131cc820c2ad46a39ac62f8671866f"},
    {file = "sentencepiece-0.1.94-cp35-cp35m-manylinux2014_ppc64le.whl", hash = "sha256:cbde526df19d6bcfa2b8503b2a4bf6996dd3172f631fd2b7efd7b6435d96407c"},
    {file = "sentencepiece-0.1.94-cp35-cp35m-manylinux2014_s390x.whl", hash = "sha256:b01057743c2488c8d6e7b45b0732ee23976ac3d58d11cd90390cbc3221c07402"},
    {file = "sentencepiece-0.1.94-cp35-cp35m-manylinux2014_x86_64.whl", hash = "sha256:cd6434909e1c8494b3254bf3150420e45489214d9bc7ab6ad4d1804d75d6d58f"},
    {file = "sentencepiece-0.1.94-cp36-cp36m-macosx_10_6_x86_64.whl", hash = "sha256:7b4867845e6935c43e37042a451d2ce84d9d97365300151a8c1c1cc724acad32"},
    {file = "sentencepiece-0.1.94-cp36-cp36m-manylinux2014_aarch64.whl", hash = "sha256:4d7d0844a57156b630fb98e21203c2755b342824b8c5a445e4ac78612c291218"},
    {file = "sentencepiece-0.1.94-cp36-cp36m-manylinux2014_i686.whl", hash = "sha256:a75f418bd92c6c92e2ee0c95e89b45b76bc54e45ed7cf2b3b74d313b263d1baa"},
    {file = "sentencepiece-0.1.94-cp36-cp36m-manylinux2014_ppc64le.whl", hash = "sha256:995e645a94107e46317987d348216a0fb1ae3a8befec9c99cc506b8994aa133d"},
    {file = "sentencepiece-0.1.94-cp36-cp36m-manylinux2014_s390x.whl", hash = "sha256:232a882ebf074966e24943119ab83554642bd339bd5d6bd2641092133983bc6a"},
    {file = "sentencepiece-0.1.94-cp36-cp36m-manylinux2014_x86_64.whl", hash = "sha256:db744b73b5a5fd7adfa5cfc4eb4b7d0f408c2059783fd52c934b49743a0d2326"},
    {file = "sentencepiece-0.1.94-cp36-cp36m-win32.whl", hash = "sha256:1d7c9f52a2e32a7a2eb9685ddf74a86b5df94fcaccf37be661ac9bb5c9db4893"},
    {file = "sentencepiece-0.1.94-cp36-cp36m-win_amd64.whl", hash = "sha256:11bd70be4baf4e67b1714e43bcd1e7fed0ce04616a20388367299846fdaf712d"},
    {file = "sentencepiece-0.1.94-cp37-cp37m-macosx_10_6_x86_64.whl", hash = "sha256:9c8476febe8eb0a165cf04192ebd2b15124d83cfc44269e10d2a83ace677f109"},
    {file = "sentencepiece-0.1.94-cp37-cp37m-manylinux2014_aarch64.whl", hash = "sha256:9d2245d400424ab261e3253308001606668126a08efdc19ee2c348b0e228e1e1"},
    {file = "sentencepiece-0.1.94-cp37-cp37m-manylinux2014_i686.whl", hash = "sha256:e4aef0be184f3c5b72a1c3f7e01fbf245eb3b3c70365f823e24542008afe387f"},
    {file = "sentencepiece-0.1.94-cp37-cp37m-manylinux2014_ppc64le.whl", hash = "sha256:5c2969c4f62039d82f761c9548011bf39673a1eb8dc8f747943b88851523c943"},
    {file = "sentencepiece-0.1.94-cp37-cp37m-manylinux2014_s390x.whl", hash = "sha256:c9d440d9ecf8c8787b89bc8596f7a47c548a9968f802d654faaf5652598ffbb0"},
    {file = "sentencepiece-0.1.94-cp37-cp37m-manylinux2014_x86_64.whl", hash = "sha256:295ef1ccf570c33728040a461cf837611495e8a5bd954012a5784fb3529ff460"},
    {file = "sentencepiece-0.1.94-cp37-cp37m-win32.whl", hash = "sha256:9d446ad41744a898f34800ee492553b4a24255a0f922cb32fe33a3c0a865d153"},
    {file = "sentencepiece-0.1.94-cp37-cp37m-win_amd64.whl", hash = "sha256:fd12969cf8420870bee743398e2e60f722d1ffdf9d201dc1d6b09096c971bfd9"},
    {file = "sentencepiece-0.1.94-cp38-cp38-macosx_10_6_x86_64.whl", hash = "sha256:3f6c0b5c501053a2f9d99daccbf187f367ded5ae35e9e031feae56188b352433"},
    {file = "sentencepiece-0.1.94-cp38-cp38-manylinux2014_aarch64.whl", hash = "sha256:05e6ef6a669d2e2d3232d95acfb2a9d255272484b898ea0650659d95448bf93f"},
    {file = "sentencepiece-0.1.94-cp38-cp38-manylinux2014_i686.whl", hash = "sha256:1e6b711563163fc8cf2c873d08b4495244859e3f6d6c18859b524395d8550482"},
    {file = "sentencepiece-0.1.94-cp38-cp38-manylinux2014_ppc64le.whl", hash = "sha256:bf524fa6243cfd05a04f65a6b17516ddd58438adf3c35df02ca3ebb832270a47"},
    {file = "sentencepiece-0.1.94-cp38-cp38-manylinux2014_s390x.whl", hash = "sha256:ed49f1187a25db531e2ad95718a5640a3f7e0467bc82e4267cc6f7b6caa3054a"},
    {file = "sentencepiece-0.1.94-cp38-cp38-manylinux2014_x86_64.whl", hash = "sha256:fb31a1827da0de50dc8ca33d4e657121594092c7231a4fb2d6a86149dfd98bc5"},
    {file = "sentencepiece-0.1.94-cp38-cp38-win32.whl", hash = "sha256:9c87f759dddefff52c12d4a3500a00faf22ea476a004c33c78794699069d8fc9"},
    {file = "sentencepiece-0.1.94-cp38-cp38-win_amd64.whl", hash = "sha256:4c11b2fc89c71510a900e2dbd4d93fb18a867ce7160f298bb6bb8a581d646d63"},
    {file = "sentencepiece-0.1.94-cp39-cp39-macosx_10_6_x86_64.whl", hash = "sha256:88ef71e36b09ddd53498064efaec5470a09698df2427362cc4e86198d88aa01e"},
    {file = "sentencepiece-0.1.94-cp39-cp39-manylinux2014_aarch64.whl", hash = "sha256:a89d90b45ba5025fcd19cad685c7572624a036d883091af967a75f3793c2aee4"},
    {file = "sentencepiece-0.1.94-cp39-cp39-manylinux2014_i686.whl", hash = "sha256:c571b26017d8dd1c47dc2eeae09caa15cfe3d2f31fb01f004d463403a1f1349b"},
    {file = "sentencepiece-0.1.94-cp39-cp39-manylinux2014_ppc64le.whl", hash = "sha256:42d35adb51eb530d57c56c2cd445dbf9bd9db36bf82741aa5b42216f7f34c12d"},
    {file = "sentencepiece-0.1.94-cp39-cp39-manylinux2014_s390x.whl", hash = "sha256:fee3e6849b9e0cef774fb003ba2950b282b1910cdd761794bbf8dc0aa9d5f7d3"},
    {file = "sentencepiece-0.1.94-cp39-cp39-manylinux2014_x86_64.whl", hash = "sha256:e5074d8239dcc6130dce8ffd734ab797f86679fc75a4a1d96adc243293178c05"},
    {file = "sentencepiece-0.1.94.tar.gz", hash = "sha256:849d74885f6f7af03a5d354b919bf23c757f94257d7a068bc464efd70d651e3a"},
]
six = [
    {file = "six-1.15.0-py2.py3-none-any.whl", hash = "sha256:8b74bedcbbbaca38ff6d7491d76f2b06b3592611af620f8426e82dddb04a5ced"},
    {file = "six-1.15.0.tar.gz", hash = "sha256:30639c035cdb23534cd4aa2dd52c3bf48f06e5f4a941509c8bafd8ce11080259"},
]
tabulate = [
    {file = "tabulate-0.8.7-py3-none-any.whl", hash = "sha256:ac64cb76d53b1231d364babcd72abbb16855adac7de6665122f97b593f1eb2ba"},
    {file = "tabulate-0.8.7.tar.gz", hash = "sha256:db2723a20d04bcda8522165c73eea7c300eda74e0ce852d9022e0159d7895007"},
]
tensorboardx = [
    {file = "tensorboardX-2.1-py2.py3-none-any.whl", hash = "sha256:2d81c10d9e3225dcd9bb5fb277588610bdf45317603e7682f6953d83b5b38f6a"},
    {file = "tensorboardX-2.1.tar.gz", hash = "sha256:9e8907cf2ab900542d6cb72bf91aa87b43005a7f0aa43126268697e3727872f9"},
]
tokenizers = [
    {file = "tokenizers-0.9.4-cp35-cp35m-macosx_10_11_x86_64.whl", hash = "sha256:082de5272363aee13f36641065a3dd2d78f5b51486e3ab7d6d34138905a46303"},
    {file = "tokenizers-0.9.4-cp35-cp35m-manylinux1_x86_64.whl", hash = "sha256:543dcb31b8534cf3ad66817f925f50f4ccd182ed1433fcd07adaed5d389f682b"},
    {file = "tokenizers-0.9.4-cp35-cp35m-manylinux2010_x86_64.whl", hash = "sha256:89f816e5aa61c464e9d82025f2c4f1f66cd92f648ab9194a154ba2b0e180dc70"},
    {file = "tokenizers-0.9.4-cp35-cp35m-manylinux2014_aarch64.whl", hash = "sha256:768f36e743604f567f4e4817a76738ed1bcdaecfef5ae8c74bdf2277a7a1902d"},
    {file = "tokenizers-0.9.4-cp35-cp35m-manylinux2014_ppc64le.whl", hash = "sha256:800917d7085245db0b55f88b2a12bd0ba4eb5966e8b88bd9f21aa46aadfa8204"},
    {file = "tokenizers-0.9.4-cp35-cp35m-manylinux2014_s390x.whl", hash = "sha256:bce664d24c744387760beab14cc7bd4e405bbef93c333ba3ca4a93347949c3ba"},
    {file = "tokenizers-0.9.4-cp35-cp35m-win32.whl", hash = "sha256:b57fc7f2003f1f7b873dcffd5d0ee7c71f01709c54c36f4d191e4a7911d49565"},
    {file = "tokenizers-0.9.4-cp35-cp35m-win_amd64.whl", hash = "sha256:1313d63ce286c6c9812a51ea39ae84cf1b8f2887c8ce8cc813459fdfbf526c9b"},
    {file = "tokenizers-0.9.4-cp36-cp36m-macosx_10_11_x86_64.whl", hash = "sha256:2dd1156815cf2ca2a0942c8efc72e0725b6cd4640a61e026c72bf5a330f4383a"},
    {file = "tokenizers-0.9.4-cp36-cp36m-manylinux1_x86_64.whl", hash = "sha256:58e1904c3e75e37be379ee4b29b21b05189d54bfab0260b334cff6e5a44a4f45"},
    {file = "tokenizers-0.9.4-cp36-cp36m-manylinux2010_x86_64.whl", hash = "sha256:4fd1a765af0a7aff7dab58d7fcd63a2e4a860e829b931bdfd59e2c56ba1769b9"},
    {file = "tokenizers-0.9.4-cp36-cp36m-manylinux2014_aarch64.whl", hash = "sha256:3cf5b470b2e06aadee22771740d87a706216385f881308c70cb317476ec40904"},
    {file = "tokenizers-0.9.4-cp36-cp36m-manylinux2014_ppc64le.whl", hash = "sha256:c83f7a26d6f0c765906440c7f2b726cbd18e5c7a63e0364095600c91e2905cc4"},
    {file = "tokenizers-0.9.4-cp36-cp36m-manylinux2014_s390x.whl", hash = "sha256:427257e78b71e9310d0c035df9b054525d1da91cc46efbae95fee2d523b88eb9"},
    {file = "tokenizers-0.9.4-cp36-cp36m-win32.whl", hash = "sha256:4a5ddd6689e18b6c5398b97134e79e948e1bbe7664f6962aa63f50fb05cae091"},
    {file = "tokenizers-0.9.4-cp36-cp36m-win_amd64.whl", hash = "sha256:53395c4423e8309b208f1e973337c08a3cb68af5eb9dee8d8618428fd4579803"},
    {file = "tokenizers-0.9.4-cp37-cp37m-macosx_10_11_x86_64.whl", hash = "sha256:d2824dedd9f26e3757159d99c743b287ebf78775ccf4a36a3e0ec7058ee66303"},
    {file = "tokenizers-0.9.4-cp37-cp37m-manylinux1_x86_64.whl", hash = "sha256:b49f17c2ac2bf88875a74d63e8070fd5a69e8c3b2874dee47649826b603a3af1"},
    {file = "tokenizers-0.9.4-cp37-cp37m-manylinux2010_x86_64.whl", hash = "sha256:da361a88b21cd141441fb139d1ee05c815103d49d10b49bfb4218a240d0d5a84"},
    {file = "tokenizers-0.9.4-cp37-cp37m-manylinux2014_aarch64.whl", hash = "sha256:a03c101d8058c851a7647cc74c68d4db511d7a3db8a73f7ec715e4fe14281ed7"},
    {file = "tokenizers-0.9.4-cp37-cp37m-manylinux2014_ppc64le.whl", hash = "sha256:8d8ca7daa2f2274ec9327961ac828c20fcadd76e88d07f611742f240a6c73abe"},
    {file = "tokenizers-0.9.4-cp37-cp37m-manylinux2014_s390x.whl", hash = "sha256:9de00f951fa8c1cf5c54a5a813447c9bf810759822de6ba6cfa42d7f503ff799"},
    {file = "tokenizers-0.9.4-cp37-cp37m-win32.whl", hash = "sha256:535cf3edfd0df2c1887ea388691dd8f614331f47b41cb40c0901a2ce070ff7e0"},
    {file = "tokenizers-0.9.4-cp37-cp37m-win_amd64.whl", hash = "sha256:f3351eef9187ba7b9ceb04ff74fcda535f26c4146fe40155c6ed6087302944fd"},
    {file = "tokenizers-0.9.4-cp38-cp38-macosx_10_11_x86_64.whl", hash = "sha256:06e1a1c50c7600d8162d8f0eeed460ad9e9234ffee7d5c7bcd1308024d781647"},
    {file = "tokenizers-0.9.4-cp38-cp38-manylinux1_x86_64.whl", hash = "sha256:c60b8ba2d8a948bb40c39223a4b2553c7c1df9f732b0077722b91df5d63c5e37"},
    {file = "tokenizers-0.9.4-cp38-cp38-manylinux2010_x86_64.whl", hash = "sha256:31184c4691aed1e84088d7a18c1000bbc59f7bedeec95774ec4027129ea16272"},
    {file = "tokenizers-0.9.4-cp38-cp38-manylinux2014_aarch64.whl", hash = "sha256:abdbd169738c33e2e643e7701230f43c2f4e6e03d49283d4250f19159f6a6c71"},
    {file = "tokenizers-0.9.4-cp38-cp38-manylinux2014_ppc64le.whl", hash = "sha256:ac4c0a2f052a83146c6475dc22f9eb740d352b29779ac6036459f00d897025b8"},
    {file = "tokenizers-0.9.4-cp38-cp38-manylinux2014_s390x.whl", hash = "sha256:96879e21be25b63fb99fa7d65b50b05c2a0333f104ca003917df7433d6eb073e"},
    {file = "tokenizers-0.9.4-cp38-cp38-win32.whl", hash = "sha256:1764a705be63fb61abcaa96637399f124528f9a01925c88efb438aefe315b61b"},
    {file = "tokenizers-0.9.4-cp38-cp38-win_amd64.whl", hash = "sha256:a3180c8a1cb77eca8fe9c291e0f197aee202c93ffdea4f96d06ca154f319980c"},
    {file = "tokenizers-0.9.4-cp39-cp39-macosx_10_11_x86_64.whl", hash = "sha256:d518ef8323690cd4d51979ff2f44edbac5862db8c8af125e815e41cf4517c638"},
    {file = "tokenizers-0.9.4-cp39-cp39-manylinux1_x86_64.whl", hash = "sha256:807f321731a3466b9e0230cbc8e6d9c5581d5ac6536d96360b5fe1ec457d837f"},
    {file = "tokenizers-0.9.4-cp39-cp39-manylinux2010_x86_64.whl", hash = "sha256:3ea6d65a32c8b3236553e489573f42855af484d24bf96ab32a5d6d1a2c4b0ed0"},
    {file = "tokenizers-0.9.4-cp39-cp39-manylinux2014_aarch64.whl", hash = "sha256:15440ba1db7c7b3eb7b5881b276555e25420ce14639926585837b7b60ddb55a8"},
    {file = "tokenizers-0.9.4-cp39-cp39-manylinux2014_ppc64le.whl", hash = "sha256:bd46747f5c7d6e1721234d5ec1c0038bcfe0050c147c92171c3ef5b36d6fb2a9"},
    {file = "tokenizers-0.9.4-cp39-cp39-manylinux2014_s390x.whl", hash = "sha256:9f79b57a4d6a1aa8379a931e8ee54cb155cc3f5f1ba5172bcdea504dbd4cb746"},
    {file = "tokenizers-0.9.4-cp39-cp39-win32.whl", hash = "sha256:c496748853c0300b8b7be916e130f0de8224575ee72e8889405477f120bfe575"},
    {file = "tokenizers-0.9.4-cp39-cp39-win_amd64.whl", hash = "sha256:2479ef9a30fe8a961cb49c8bf6a5c5e2ce8e1b87849374c9756f41cf06189bdf"},
    {file = "tokenizers-0.9.4.tar.gz", hash = "sha256:3ea3038008f1f74c8a1e1e2e73728690eed2d7fa4db0a51bcea391e644672426"},
]
torch = []
tqdm = [
    {file = "tqdm-4.54.1-py2.py3-none-any.whl", hash = "sha256:d4f413aecb61c9779888c64ddf0c62910ad56dcbe857d8922bb505d4dbff0df1"},
    {file = "tqdm-4.54.1.tar.gz", hash = "sha256:38b658a3e4ecf9b4f6f8ff75ca16221ae3378b2e175d846b6b33ea3a20852cf5"},
]
traitlets = [
    {file = "traitlets-5.0.5-py3-none-any.whl", hash = "sha256:69ff3f9d5351f31a7ad80443c2674b7099df13cc41fc5fa6e2f6d3b0330b0426"},
    {file = "traitlets-5.0.5.tar.gz", hash = "sha256:178f4ce988f69189f7e523337a3e11d91c786ded9360174a3d9ca83e79bc5396"},
]
transformers = [
    {file = "transformers-4.1.1-py3-none-any.whl", hash = "sha256:3a525c33b544eccc0afbf03f7636db92e6d56d728dc6a4cdae7862af379c2193"},
    {file = "transformers-4.1.1.tar.gz", hash = "sha256:f2cf80855edfb47d87894a4462dde0d9973b99ee1b78ef4cfb16191b92b79858"},
]
typing-extensions = [
    {file = "typing_extensions-3.7.4.3-py2-none-any.whl", hash = "sha256:dafc7639cde7f1b6e1acc0f457842a83e722ccca8eef5270af2d74792619a89f"},
    {file = "typing_extensions-3.7.4.3-py3-none-any.whl", hash = "sha256:7cb407020f00f7bfc3cb3e7881628838e69d8f3fcab2f64742a5e76b2f841918"},
    {file = "typing_extensions-3.7.4.3.tar.gz", hash = "sha256:99d4073b617d30288f569d3f13d2bd7548c3a7e4c8de87db09a9d29bb3a4a60c"},
]
urllib3 = [
    {file = "urllib3-1.26.2-py2.py3-none-any.whl", hash = "sha256:d8ff90d979214d7b4f8ce956e80f4028fc6860e4431f731ea4a8c08f23f99473"},
    {file = "urllib3-1.26.2.tar.gz", hash = "sha256:19188f96923873c92ccb987120ec4acaa12f0461fa9ce5d3d0772bc965a39e08"},
]
urwid = [
    {file = "urwid-2.1.2.tar.gz", hash = "sha256:588bee9c1cb208d0906a9f73c613d2bd32c3ed3702012f51efe318a3f2127eae"},
]
wcwidth = [
    {file = "wcwidth-0.2.5-py2.py3-none-any.whl", hash = "sha256:beb4802a9cebb9144e99086eff703a642a13d6a0052920003a230f3294bbe784"},
    {file = "wcwidth-0.2.5.tar.gz", hash = "sha256:c4d647b99872929fdb7bdcaa4fbe7f01413ed3d98077df798530e5b04f116c83"},
]
